
Microsoft Visual Studio Solution File, Format Version 12.00
# Visual Studio Version 17
VisualStudioVersion = 17.2.32630.192
MinimumVisualStudioVersion = 10.0.40219.1
Project("{FAE04EC0-301F-11D3-BF4B-00C04F79EFBC}") = "ProjectTrackerBusinessLayer", "ProjectTrackerBusinessLayer\ProjectTrackerBusinessLayer.csproj", "{CFCC5D34-1C44-48A2-AEAE-28265EA08B00}"
EndProject
Project("{FAE04EC0-301F-11D3-BF4B-00C04F79EFBC}") = "ProjectTrackerApplicationLayer", "ProjectTrackerApplicationLayer\ProjectTrackerApplicationLayer.csproj", "{0B600270-5305-4B0A-8984-2260D529561F}"
EndProject
Global
	GlobalSection(SolutionConfigurationPlatforms) = preSolution
		Debug|Any CPU = Debug|Any CPU
		Release|Any CPU = Release|Any CPU
	EndGlobalSection
	GlobalSection(ProjectConfigurationPlatforms) = postSolution
		{CFCC5D34-1C44-48A2-AEAE-28265EA08B00}.Debug|Any CPU.ActiveCfg = Debug|Any CPU
		{CFCC5D34-1C44-48A2-AEAE-28265EA08B00}.Debug|Any CPU.Build.0 = Debug|Any CPU
		{CFCC5D34-1C44-48A2-AEAE-28265EA08B00}.Release|Any CPU.ActiveCfg = Release|Any CPU
		{CFCC5D34-1C44-48A2-AEAE-28265EA08B00}.Release|Any CPU.Build.0 = Release|Any CPU
		{0B600270-5305-4B0A-8984-2260D529561F}.Debug|Any CPU.ActiveCfg = Debug|Any CPU
		{0B600270-5305-4B0A-8984-2260D529561F}.Debug|Any CPU.Build.0 = Debug|Any CPU
		{0B600270-5305-4B0A-8984-2260D529561F}.Release|Any CPU.ActiveCfg = Release|Any CPU
		{0B600270-5305-4B0A-8984-2260D529561F}.Release|Any CPU.Build.0 = Release|Any CPU
	EndGlobalSection
	GlobalSection(SolutionProperties) = preSolution
		HideSolutionNode = FALSE
	EndGlobalSection
	GlobalSection(ExtensibilityGlobals) = postSolution
		SolutionGuid = {037F0816-CF4F-4A54-B251-2DB6554C159C}
	EndGlobalSection
EndGlobal
